{
  "name": "418_assignment_3_kbavis",
  "lockfileVersion": 2,
  "requires": true,
  "packages": {
    "": {
      "dependencies": {
        "caddy": "^0.0.13"
      }
    },
    "node_modules/caddy": {
      "version": "0.0.13",
      "resolved": "https://registry.npmjs.org/caddy/-/caddy-0.0.13.tgz",
      "integrity": "sha512-rc9RPEM0O32dzL52y9Udm+Y/2ll8cbaIVx0x4Q6yBrUtPvSyaDj46XPzhexLhfD0nh63+PsPVW1uMSsrTVZgag=="
    }
  },
  "dependencies": {
    "caddy": {
      "version": "0.0.13",
      "resolved": "https://registry.npmjs.org/caddy/-/caddy-0.0.13.tgz",
      "integrity": "sha512-rc9RPEM0O32dzL52y9Udm+Y/2ll8cbaIVx0x4Q6yBrUtPvSyaDj46XPzhexLhfD0nh63+PsPVW1uMSsrTVZgag=="
    }
  }
}
